
Microsoft Visual Studio Solution File, Format Version 12.00
# Visual Studio Version 17
VisualStudioVersion = 17.14.36429.23
MinimumVisualStudioVersion = 10.0.40219.1
Project("{FAE04EC0-301F-11D3-BF4B-00C04F79EFBC}") = "MultiSocialWeb", "MultiSocialWeb.csproj", "{B229B9D7-BD01-FA3D-6286-1404F026C907}"
EndProject
Global
	GlobalSection(SolutionConfigurationPlatforms) = preSolution
		Debug|Any CPU = Debug|Any CPU
		Release|Any CPU = Release|Any CPU
	EndGlobalSection
	GlobalSection(ProjectConfigurationPlatforms) = postSolution
		{B229B9D7-BD01-FA3D-6286-1404F026C907}.Debug|Any CPU.ActiveCfg = Debug|Any CPU
		{B229B9D7-BD01-FA3D-6286-1404F026C907}.Debug|Any CPU.Build.0 = Debug|Any CPU
		{B229B9D7-BD01-FA3D-6286-1404F026C907}.Release|Any CPU.ActiveCfg = Release|Any CPU
		{B229B9D7-BD01-FA3D-6286-1404F026C907}.Release|Any CPU.Build.0 = Release|Any CPU
	EndGlobalSection
	GlobalSection(SolutionProperties) = preSolution
		HideSolutionNode = FALSE
	EndGlobalSection
	GlobalSection(ExtensibilityGlobals) = postSolution
		SolutionGuid = {9C9B2235-34C6-4B42-B92E-1DEB94F774F1}
	EndGlobalSection
EndGlobal
